
Microsoft Visual Studio Solution File, Format Version 12.00
# Visual Studio Version 17
VisualStudioVersion = 17.10.35027.167
MinimumVisualStudioVersion = 10.0.40219.1
Project("{FAE04EC0-301F-11D3-BF4B-00C04F79EFBC}") = "Program", "Program.csproj", "{78921C59-63D8-40C1-BC58-DADC9AB23FC4}"
EndProject
Global
	GlobalSection(SolutionConfigurationPlatforms) = preSolution
		Debug|Any CPU = Debug|Any CPU
		Release|Any CPU = Release|Any CPU
	EndGlobalSection
	GlobalSection(ProjectConfigurationPlatforms) = postSolution
		{78921C59-63D8-40C1-BC58-DADC9AB23FC4}.Debug|Any CPU.ActiveCfg = Debug|Any CPU
		{78921C59-63D8-40C1-BC58-DADC9AB23FC4}.Debug|Any CPU.Build.0 = Debug|Any CPU
		{78921C59-63D8-40C1-BC58-DADC9AB23FC4}.Release|Any CPU.ActiveCfg = Release|Any CPU
		{78921C59-63D8-40C1-BC58-DADC9AB23FC4}.Release|Any CPU.Build.0 = Release|Any CPU
	EndGlobalSection
	GlobalSection(SolutionProperties) = preSolution
		HideSolutionNode = FALSE
	EndGlobalSection
	GlobalSection(ExtensibilityGlobals) = postSolution
		SolutionGuid = {59A1939C-A894-40F2-8EAC-DDB3FDB850F4}
	EndGlobalSection
EndGlobal
